dependencies:
- name: mongodb
  repository: https://kubernetes-charts.storage.googleapis.com
  version: 7.4.6
- name: traefik
  repository: https://kubernetes-charts.storage.googleapis.com
  version: 1.82.3
- name: kafka
  repository: https://kubernetes-charts-incubator.storage.googleapis.com
  version: 0.20.7
- name: zipkin
  repository: ""
  version: 0.1.0
digest: sha256:06846f0310d5f32677487b810516d74455333a39eb9a4f53dc0b4aa45bb32fb9
generated: "2019-12-25T19:56:38.370991+07:00"
