dependencies:
- name: mongodb
  repository: https://kubernetes-charts.storage.googleapis.com
  version: 7.4.6
- name: traefik
  repository: https://kubernetes-charts.storage.googleapis.com
  version: 1.82.3
- name: kafka
  repository: https://kubernetes-charts-incubator.storage.googleapis.com
  version: 0.20.7
digest: sha256:2822b68e058fe6214ed6e551647089dcbcc8bd13ea054131b8d3cffcbd4579ef
generated: "2019-12-25T15:00:29.3730353+07:00"
